
Microsoft Visual Studio Solution File, Format Version 12.00
# Visual Studio Version 17
VisualStudioVersion = 17.3.32825.248
MinimumVisualStudioVersion = 10.0.40219.1
Project("{FAE04EC0-301F-11D3-BF4B-00C04F79EFBC}") = "API", "MaquinaDeTroco\API.csproj", "{1E3C5F5C-8F6C-41A6-A52B-3075BC6D7CC8}"
EndProject
Project("{FAE04EC0-301F-11D3-BF4B-00C04F79EFBC}") = "Domain", "..\Domain\Domain.csproj", "{3C1E0DEA-8CE0-4A81-AB7D-0C609DF6D857}"
EndProject
Project("{FAE04EC0-301F-11D3-BF4B-00C04F79EFBC}") = "Infraestructure", "..\Infraestructure\Infraestructure.csproj", "{860C93C9-2CE2-4EFD-9EAC-213930826AC9}"
EndProject
Project("{FAE04EC0-301F-11D3-BF4B-00C04F79EFBC}") = "Application", "Application\Application.csproj", "{F4F1AB56-0BD5-4ADB-8F39-C0EFDF2E6D28}"
EndProject
Global
	GlobalSection(SolutionConfigurationPlatforms) = preSolution
		Debug|Any CPU = Debug|Any CPU
		Release|Any CPU = Release|Any CPU
	EndGlobalSection
	GlobalSection(ProjectConfigurationPlatforms) = postSolution
		{1E3C5F5C-8F6C-41A6-A52B-3075BC6D7CC8}.Debug|Any CPU.ActiveCfg = Debug|Any CPU
		{1E3C5F5C-8F6C-41A6-A52B-3075BC6D7CC8}.Debug|Any CPU.Build.0 = Debug|Any CPU
		{1E3C5F5C-8F6C-41A6-A52B-3075BC6D7CC8}.Release|Any CPU.ActiveCfg = Release|Any CPU
		{1E3C5F5C-8F6C-41A6-A52B-3075BC6D7CC8}.Release|Any CPU.Build.0 = Release|Any CPU
		{3C1E0DEA-8CE0-4A81-AB7D-0C609DF6D857}.Debug|Any CPU.ActiveCfg = Debug|Any CPU
		{3C1E0DEA-8CE0-4A81-AB7D-0C609DF6D857}.Debug|Any CPU.Build.0 = Debug|Any CPU
		{3C1E0DEA-8CE0-4A81-AB7D-0C609DF6D857}.Release|Any CPU.ActiveCfg = Release|Any CPU
		{3C1E0DEA-8CE0-4A81-AB7D-0C609DF6D857}.Release|Any CPU.Build.0 = Release|Any CPU
		{860C93C9-2CE2-4EFD-9EAC-213930826AC9}.Debug|Any CPU.ActiveCfg = Debug|Any CPU
		{860C93C9-2CE2-4EFD-9EAC-213930826AC9}.Debug|Any CPU.Build.0 = Debug|Any CPU
		{860C93C9-2CE2-4EFD-9EAC-213930826AC9}.Release|Any CPU.ActiveCfg = Release|Any CPU
		{860C93C9-2CE2-4EFD-9EAC-213930826AC9}.Release|Any CPU.Build.0 = Release|Any CPU
		{F4F1AB56-0BD5-4ADB-8F39-C0EFDF2E6D28}.Debug|Any CPU.ActiveCfg = Debug|Any CPU
		{F4F1AB56-0BD5-4ADB-8F39-C0EFDF2E6D28}.Debug|Any CPU.Build.0 = Debug|Any CPU
		{F4F1AB56-0BD5-4ADB-8F39-C0EFDF2E6D28}.Release|Any CPU.ActiveCfg = Release|Any CPU
		{F4F1AB56-0BD5-4ADB-8F39-C0EFDF2E6D28}.Release|Any CPU.Build.0 = Release|Any CPU
	EndGlobalSection
	GlobalSection(SolutionProperties) = preSolution
		HideSolutionNode = FALSE
	EndGlobalSection
	GlobalSection(ExtensibilityGlobals) = postSolution
		SolutionGuid = {A677EEB2-C185-4422-91D7-CE37E9EF4EB7}
	EndGlobalSection
EndGlobal
